
Microsoft Visual Studio Solution File, Format Version 12.00
# Visual Studio Version 17
VisualStudioVersion = 17.0.31912.275
MinimumVisualStudioVersion = 10.0.40219.1
Project("{FAE04EC0-301F-11D3-BF4B-00C04F79EFBC}") = "csharpprogrammeren", "csharpprogrammeren\csharpprogrammeren.csproj", "{912D30F2-6499-4540-B3E6-6410B5A80BAF}"
EndProject
Global
	GlobalSection(SolutionConfigurationPlatforms) = preSolution
		Debug|Any CPU = Debug|Any CPU
		Release|Any CPU = Release|Any CPU
	EndGlobalSection
	GlobalSection(ProjectConfigurationPlatforms) = postSolution
		{912D30F2-6499-4540-B3E6-6410B5A80BAF}.Debug|Any CPU.ActiveCfg = Debug|Any CPU
		{912D30F2-6499-4540-B3E6-6410B5A80BAF}.Debug|Any CPU.Build.0 = Debug|Any CPU
		{912D30F2-6499-4540-B3E6-6410B5A80BAF}.Release|Any CPU.ActiveCfg = Release|Any CPU
		{912D30F2-6499-4540-B3E6-6410B5A80BAF}.Release|Any CPU.Build.0 = Release|Any CPU
	EndGlobalSection
	GlobalSection(SolutionProperties) = preSolution
		HideSolutionNode = FALSE
	EndGlobalSection
	GlobalSection(ExtensibilityGlobals) = postSolution
		SolutionGuid = {90F30004-66C1-418C-ACA6-F1706DA39553}
	EndGlobalSection
EndGlobal
