
Microsoft Visual Studio Solution File, Format Version 12.00
# Visual Studio Version 17
VisualStudioVersion = 17.0.31912.275
MinimumVisualStudioVersion = 10.0.40219.1
Project("{9A19103F-16F7-4668-BE54-9A1E7A4F7556}") = "sunburn attacks", "zak van sinterklaas\sunburn attacks.csproj", "{4CDE5FFF-0BB2-47F9-B960-64130D5471BB}"
EndProject
Project("{2150E333-8FDC-42A3-9474-1A3956D46DE8}") = "Solution Items", "Solution Items", "{9B55C393-C50F-474F-AEE6-DC2B44F84FBD}"
	ProjectSection(SolutionItems) = preProject
		.editorconfig = .editorconfig
	EndProjectSection
EndProject
Global
	GlobalSection(SolutionConfigurationPlatforms) = preSolution
		Debug|Any CPU = Debug|Any CPU
		Release|Any CPU = Release|Any CPU
	EndGlobalSection
	GlobalSection(ProjectConfigurationPlatforms) = postSolution
		{4CDE5FFF-0BB2-47F9-B960-64130D5471BB}.Debug|Any CPU.ActiveCfg = Debug|Any CPU
		{4CDE5FFF-0BB2-47F9-B960-64130D5471BB}.Debug|Any CPU.Build.0 = Debug|Any CPU
		{4CDE5FFF-0BB2-47F9-B960-64130D5471BB}.Release|Any CPU.ActiveCfg = Release|Any CPU
		{4CDE5FFF-0BB2-47F9-B960-64130D5471BB}.Release|Any CPU.Build.0 = Release|Any CPU
	EndGlobalSection
	GlobalSection(SolutionProperties) = preSolution
		HideSolutionNode = FALSE
	EndGlobalSection
	GlobalSection(ExtensibilityGlobals) = postSolution
		SolutionGuid = {0BD7D5B3-4D03-4F37-BD10-784C211493F1}
	EndGlobalSection
EndGlobal
