
Microsoft Visual Studio Solution File, Format Version 12.00
# Visual Studio Version 17
VisualStudioVersion = 17.0.31912.275
MinimumVisualStudioVersion = 10.0.40219.1
Project("{FAE04EC0-301F-11D3-BF4B-00C04F79EFBC}") = "zak van sinterklaas", "zak van sinterklaas\zak van sinterklaas.csproj", "{4CDE5FFF-0BB2-47F9-B960-64130D5471BB}"
EndProject
Global
	GlobalSection(SolutionConfigurationPlatforms) = preSolution
		Debug|Any CPU = Debug|Any CPU
		Release|Any CPU = Release|Any CPU
	EndGlobalSection
	GlobalSection(ProjectConfigurationPlatforms) = postSolution
		{4CDE5FFF-0BB2-47F9-B960-64130D5471BB}.Debug|Any CPU.ActiveCfg = Debug|Any CPU
		{4CDE5FFF-0BB2-47F9-B960-64130D5471BB}.Debug|Any CPU.Build.0 = Debug|Any CPU
		{4CDE5FFF-0BB2-47F9-B960-64130D5471BB}.Release|Any CPU.ActiveCfg = Release|Any CPU
		{4CDE5FFF-0BB2-47F9-B960-64130D5471BB}.Release|Any CPU.Build.0 = Release|Any CPU
	EndGlobalSection
	GlobalSection(SolutionProperties) = preSolution
		HideSolutionNode = FALSE
	EndGlobalSection
	GlobalSection(ExtensibilityGlobals) = postSolution
		SolutionGuid = {0BD7D5B3-4D03-4F37-BD10-784C211493F1}
	EndGlobalSection
EndGlobal
